// !$*UTF8*$!
{
	archiveVersion = 1;
	classes = {
	};
	objectVersion = 46;
	objects = {

/* Begin PBXBuildFile section */
		FB4F1D381988298F00BE4F14 /* Foundation.framework in Frameworks */ = {isa = PBXBuildFile; fileRef = FB4F1D371988298F00BE4F14 /* Foundation.framework */; };
		FB4F1D3A1988298F00BE4F14 /* CoreGraphics.framework in Frameworks */ = {isa = PBXBuildFile; fileRef = FB4F1D391988298F00BE4F14 /* CoreGraphics.framework */; };
		FB4F1D3C1988298F00BE4F14 /* UIKit.framework in Frameworks */ = {isa = PBXBuildFile; fileRef = FB4F1D3B1988298F00BE4F14 /* UIKit.framework */; };
		FB4F1D421988298F00BE4F14 /* InfoPlist.strings in Resources */ = {isa = PBXBuildFile; fileRef = FB4F1D401988298F00BE4F14 /* InfoPlist.strings */; };
		FB4F1D441988298F00BE4F14 /* main.m in Sources */ = {isa = PBXBuildFile; fileRef = FB4F1D431988298F00BE4F14 /* main.m */; };
		FB4F1D481988298F00BE4F14 /* CEAppDelegate.m in Sources */ = {isa = PBXBuildFile; fileRef = FB4F1D471988298F00BE4F14 /* CEAppDelegate.m */; };
		FB4F1D4E1988298F00BE4F14 /* CEViewController.m in Sources */ = {isa = PBXBuildFile; fileRef = FB4F1D4D1988298F00BE4F14 /* CEViewController.m */; };
		FB4F1D501988298F00BE4F14 /* Images.xcassets in Resources */ = {isa = PBXBuildFile; fileRef = FB4F1D4F1988298F00BE4F14 /* Images.xcassets */; };
		FB4F1D571988298F00BE4F14 /* XCTest.framework in Frameworks */ = {isa = PBXBuildFile; fileRef = FB4F1D561988298F00BE4F14 /* XCTest.framework */; };
		FB4F1D581988298F00BE4F14 /* Foundation.framework in Frameworks */ = {isa = PBXBuildFile; fileRef = FB4F1D371988298F00BE4F14 /* Foundation.framework */; };
		FB4F1D591988298F00BE4F14 /* UIKit.framework in Frameworks */ = {isa = PBXBuildFile; fileRef = FB4F1D3B1988298F00BE4F14 /* UIKit.framework */; };
		FB4F1D611988298F00BE4F14 /* InfoPlist.strings in Resources */ = {isa = PBXBuildFile; fileRef = FB4F1D5F1988298F00BE4F14 /* InfoPlist.strings */; };
		FB4F1D631988298F00BE4F14 /* CellFromXibExampleTests.m in Sources */ = {isa = PBXBuildFile; fileRef = FB4F1D621988298F00BE4F14 /* CellFromXibExampleTests.m */; };
		FB4F1D6D19882A3900BE4F14 /* CEViewController.xib in Resources */ = {isa = PBXBuildFile; fileRef = FB4F1D6C19882A3900BE4F14 /* CEViewController.xib */; };
		FB4F1D71198831B200BE4F14 /* CETableViewCell.m in Sources */ = {isa = PBXBuildFile; fileRef = FB4F1D6F198831B200BE4F14 /* CETableViewCell.m */; };
		FB4F1D72198831B200BE4F14 /* CETableViewCell.xib in Resources */ = {isa = PBXBuildFile; fileRef = FB4F1D70198831B200BE4F14 /* CETableViewCell.xib */; };
/* End PBXBuildFile section */

/* Begin PBXContainerItemProxy section */
		FB4F1D5A1988298F00BE4F14 /* PBXContainerItemProxy */ = {
			isa = PBXContainerItemProxy;
			containerPortal = FB4F1D2C1988298F00BE4F14 /* Project object */;
			proxyType = 1;
			remoteGlobalIDString = FB4F1D331988298F00BE4F14;
			remoteInfo = CellFromXibExample;
		};
/* End PBXContainerItemProxy section */

/* Begin PBXFileReference section */
		FB4F1D341988298F00BE4F14 /* CellFromXibExample.app */ = {isa = PBXFileReference; explicitFileType = wrapper.application; includeInIndex = 0; path = CellFromXibExample.app; sourceTree = BUILT_PRODUCTS_DIR; };
		FB4F1D371988298F00BE4F14 /* Foundation.framework */ = {isa = PBXFileReference; lastKnownFileType = wrapper.framework; name = Foundation.framework; path = System/Library/Frameworks/Foundation.framework; sourceTree = SDKROOT; };
		FB4F1D391988298F00BE4F14 /* CoreGraphics.framework */ = {isa = PBXFileReference; lastKnownFileType = wrapper.framework; name = CoreGraphics.framework; path = System/Library/Frameworks/CoreGraphics.framework; sourceTree = SDKROOT; };
		FB4F1D3B1988298F00BE4F14 /* UIKit.framework */ = {isa = PBXFileReference; lastKnownFileType = wrapper.framework; name = UIKit.framework; path = System/Library/Frameworks/UIKit.framework; sourceTree = SDKROOT; };
		FB4F1D3F1988298F00BE4F14 /* CellFromXibExample-Info.plist */ = {isa = PBXFileReference; lastKnownFileType = text.plist.xml; path = "CellFromXibExample-Info.plist"; sourceTree = "<group>"; };
		FB4F1D411988298F00BE4F14 /* en */ = {isa = PBXFileReference; lastKnownFileType = text.plist.strings; name = en; path = en.lproj/InfoPlist.strings; sourceTree = "<group>"; };
		FB4F1D431988298F00BE4F14 /* main.m */ = {isa = PBXFileReference; lastKnownFileType = sourcecode.c.objc; path = main.m; sourceTree = "<group>"; };
		FB4F1D451988298F00BE4F14 /* CellFromXibExample-Prefix.pch */ = {isa = PBXFileReference; lastKnownFileType = sourcecode.c.h; path = "CellFromXibExample-Prefix.pch"; sourceTree = "<group>"; };
		FB4F1D461988298F00BE4F14 /* CEAppDelegate.h */ = {isa = PBXFileReference; lastKnownFileType = sourcecode.c.h; path = CEAppDelegate.h; sourceTree = "<group>"; };
		FB4F1D471988298F00BE4F14 /* CEAppDelegate.m */ = {isa = PBXFileReference; lastKnownFileType = sourcecode.c.objc; path = CEAppDelegate.m; sourceTree = "<group>"; };
		FB4F1D4C1988298F00BE4F14 /* CEViewController.h */ = {isa = PBXFileReference; lastKnownFileType = sourcecode.c.h; path = CEViewController.h; sourceTree = "<group>"; };
		FB4F1D4D1988298F00BE4F14 /* CEViewController.m */ = {isa = PBXFileReference; lastKnownFileType = sourcecode.c.objc; path = CEViewController.m; sourceTree = "<group>"; };
		FB4F1D4F1988298F00BE4F14 /* Images.xcassets */ = {isa = PBXFileReference; lastKnownFileType = folder.assetcatalog; path = Images.xcassets; sourceTree = "<group>"; };
		FB4F1D551988298F00BE4F14 /* CellFromXibExampleTests.xctest */ = {isa = PBXFileReference; explicitFileType = wrapper.cfbundle; includeInIndex = 0; path = CellFromXibExampleTests.xctest; sourceTree = BUILT_PRODUCTS_DIR; };
		FB4F1D561988298F00BE4F14 /* XCTest.framework */ = {isa = PBXFileReference; lastKnownFileType = wrapper.framework; name = XCTest.framework; path = Library/Frameworks/XCTest.framework; sourceTree = DEVELOPER_DIR; };
		FB4F1D5E1988298F00BE4F14 /* CellFromXibExampleTests-Info.plist */ = {isa = PBXFileReference; lastKnownFileType = text.plist.xml; path = "CellFromXibExampleTests-Info.plist"; sourceTree = "<group>"; };
		FB4F1D601988298F00BE4F14 /* en */ = {isa = PBXFileReference; lastKnownFileType = text.plist.strings; name = en; path = en.lproj/InfoPlist.strings; sourceTree = "<group>"; };
		FB4F1D621988298F00BE4F14 /* CellFromXibExampleTests.m */ = {isa = PBXFileReference; lastKnownFileType = sourcecode.c.objc; path = CellFromXibExampleTests.m; sourceTree = "<group>"; };
		FB4F1D6C19882A3900BE4F14 /* CEViewController.xib */ = {isa = PBXFileReference; fileEncoding = 4; lastKnownFileType = file.xib; path = CEViewController.xib; sourceTree = "<group>"; };
		FB4F1D6E198831B200BE4F14 /* CETableViewCell.h */ = {isa = PBXFileReference; fileEncoding = 4; lastKnownFileType = sourcecode.c.h; path = CETableViewCell.h; sourceTree = "<group>"; };
		FB4F1D6F198831B200BE4F14 /* CETableViewCell.m */ = {isa = PBXFileReference; fileEncoding = 4; lastKnownFileType = sourcecode.c.objc; path = CETableViewCell.m; sourceTree = "<group>"; };
		FB4F1D70198831B200BE4F14 /* CETableViewCell.xib */ = {isa = PBXFileReference; fileEncoding = 4; lastKnownFileType = file.xib; path = CETableViewCell.xib; sourceTree = "<group>"; };
/* End PBXFileReference section */

/* Begin PBXFrameworksBuildPhase section */
		FB4F1D311988298F00BE4F14 /* Frameworks */ = {
			isa = PBXFrameworksBuildPhase;
			buildActionMask = 2147483647;
			files = (
				FB4F1D3A1988298F00BE4F14 /* CoreGraphics.framework in Frameworks */,
				FB4F1D3C1988298F00BE4F14 /* UIKit.framework in Frameworks */,
				FB4F1D381988298F00BE4F14 /* Foundation.framework in Frameworks */,
			);
			runOnlyForDeploymentPostprocessing = 0;
		};
		FB4F1D521988298F00BE4F14 /* Frameworks */ = {
			isa = PBXFrameworksBuildPhase;
			buildActionMask = 2147483647;
			files = (
				FB4F1D571988298F00BE4F14 /* XCTest.framework in Frameworks */,
				FB4F1D591988298F00BE4F14 /* UIKit.framework in Frameworks */,
				FB4F1D581988298F00BE4F14 /* Foundation.framework in Frameworks */,
			);
			runOnlyForDeploymentPostprocessing = 0;
		};
/* End PBXFrameworksBuildPhase section */

/* Begin PBXGroup section */
		FB4F1D2B1988298F00BE4F14 = {
			isa = PBXGroup;
			children = (
				FB4F1D3D1988298F00BE4F14 /* CellFromXibExample */,
				FB4F1D5C1988298F00BE4F14 /* CellFromXibExampleTests */,
				FB4F1D361988298F00BE4F14 /* Frameworks */,
				FB4F1D351988298F00BE4F14 /* Products */,
			);
			sourceTree = "<group>";
		};
		FB4F1D351988298F00BE4F14 /* Products */ = {
			isa = PBXGroup;
			children = (
				FB4F1D341988298F00BE4F14 /* CellFromXibExample.app */,
				FB4F1D551988298F00BE4F14 /* CellFromXibExampleTests.xctest */,
			);
			name = Products;
			sourceTree = "<group>";
		};
		FB4F1D361988298F00BE4F14 /* Frameworks */ = {
			isa = PBXGroup;
			children = (
				FB4F1D371988298F00BE4F14 /* Foundation.framework */,
				FB4F1D391988298F00BE4F14 /* CoreGraphics.framework */,
				FB4F1D3B1988298F00BE4F14 /* UIKit.framework */,
				FB4F1D561988298F00BE4F14 /* XCTest.framework */,
			);
			name = Frameworks;
			sourceTree = "<group>";
		};
		FB4F1D3D1988298F00BE4F14 /* CellFromXibExample */ = {
			isa = PBXGroup;
			children = (
				FB4F1D461988298F00BE4F14 /* CEAppDelegate.h */,
				FB4F1D471988298F00BE4F14 /* CEAppDelegate.m */,
				FB4F1D4C1988298F00BE4F14 /* CEViewController.h */,
				FB4F1D4D1988298F00BE4F14 /* CEViewController.m */,
				FB4F1D6C19882A3900BE4F14 /* CEViewController.xib */,
				FB4F1D4F1988298F00BE4F14 /* Images.xcassets */,
				FB4F1D3E1988298F00BE4F14 /* Supporting Files */,
				FB4F1D6E198831B200BE4F14 /* CETableViewCell.h */,
				FB4F1D6F198831B200BE4F14 /* CETableViewCell.m */,
				FB4F1D70198831B200BE4F14 /* CETableViewCell.xib */,
			);
			path = CellFromXibExample;
			sourceTree = "<group>";
		};
		FB4F1D3E1988298F00BE4F14 /* Supporting Files */ = {
			isa = PBXGroup;
			children = (
				FB4F1D3F1988298F00BE4F14 /* CellFromXibExample-Info.plist */,
				FB4F1D401988298F00BE4F14 /* InfoPlist.strings */,
				FB4F1D431988298F00BE4F14 /* main.m */,
				FB4F1D451988298F00BE4F14 /* CellFromXibExample-Prefix.pch */,
			);
			name = "Supporting Files";
			sourceTree = "<group>";
		};
		FB4F1D5C1988298F00BE4F14 /* CellFromXibExampleTests */ = {
			isa = PBXGroup;
			children = (
				FB4F1D621988298F00BE4F14 /* CellFromXibExampleTests.m */,
				FB4F1D5D1988298F00BE4F14 /* Supporting Files */,
			);
			path = CellFromXibExampleTests;
			sourceTree = "<group>";
		};
		FB4F1D5D1988298F00BE4F14 /* Supporting Files */ = {
			isa = PBXGroup;
			children = (
				FB4F1D5E1988298F00BE4F14 /* CellFromXibExampleTests-Info.plist */,
				FB4F1D5F1988298F00BE4F14 /* InfoPlist.strings */,
			);
			name = "Supporting Files";
			sourceTree = "<group>";
		};
/* End PBXGroup section */

/* Begin PBXNativeTarget section */
		FB4F1D331988298F00BE4F14 /* CellFromXibExample */ = {
			isa = PBXNativeTarget;
			buildConfigurationList = FB4F1D661988298F00BE4F14 /* Build configuration list for PBXNativeTarget "CellFromXibExample" */;
			buildPhases = (
				FB4F1D301988298F00BE4F14 /* Sources */,
				FB4F1D311988298F00BE4F14 /* Frameworks */,
				FB4F1D321988298F00BE4F14 /* Resources */,
			);
			buildRules = (
			);
			dependencies = (
			);
			name = CellFromXibExample;
			productName = CellFromXibExample;
			productReference = FB4F1D341988298F00BE4F14 /* CellFromXibExample.app */;
			productType = "com.apple.product-type.application";
		};
		FB4F1D541988298F00BE4F14 /* CellFromXibExampleTests */ = {
			isa = PBXNativeTarget;
			buildConfigurationList = FB4F1D691988298F00BE4F14 /* Build configuration list for PBXNativeTarget "CellFromXibExampleTests" */;
			buildPhases = (
				FB4F1D511988298F00BE4F14 /* Sources */,
				FB4F1D521988298F00BE4F14 /* Frameworks */,
				FB4F1D531988298F00BE4F14 /* Resources */,
			);
			buildRules = (
			);
			dependencies = (
				FB4F1D5B1988298F00BE4F14 /* PBXTargetDependency */,
			);
			name = CellFromXibExampleTests;
			productName = CellFromXibExampleTests;
			productReference = FB4F1D551988298F00BE4F14 /* CellFromXibExampleTests.xctest */;
			productType = "com.apple.product-type.bundle.unit-test";
		};
/* End PBXNativeTarget section */

/* Begin PBXProject section */
		FB4F1D2C1988298F00BE4F14 /* Project object */ = {
			isa = PBXProject;
			attributes = {
				CLASSPREFIX = CE;
				LastUpgradeCheck = 0510;
				ORGANIZATIONNAME = "Ovidos Creative";
				TargetAttributes = {
					FB4F1D541988298F00BE4F14 = {
						TestTargetID = FB4F1D331988298F00BE4F14;
					};
				};
			};
			buildConfigurationList = FB4F1D2F1988298F00BE4F14 /* Build configuration list for PBXProject "CellFromXibExample" */;
			compatibilityVersion = "Xcode 3.2";
			developmentRegion = English;
			hasScannedForEncodings = 0;
			knownRegions = (
				en,
				Base,
			);
			mainGroup = FB4F1D2B1988298F00BE4F14;
			productRefGroup = FB4F1D351988298F00BE4F14 /* Products */;
			projectDirPath = "";
			projectRoot = "";
			targets = (
				FB4F1D331988298F00BE4F14 /* CellFromXibExample */,
				FB4F1D541988298F00BE4F14 /* CellFromXibExampleTests */,
			);
		};
/* End PBXProject section */

/* Begin PBXResourcesBuildPhase section */
		FB4F1D321988298F00BE4F14 /* Resources */ = {
			isa = PBXResourcesBuildPhase;
			buildActionMask = 2147483647;
			files = (
				FB4F1D501988298F00BE4F14 /* Images.xcassets in Resources */,
				FB4F1D421988298F00BE4F14 /* InfoPlist.strings in Resources */,
				FB4F1D6D19882A3900BE4F14 /* CEViewController.xib in Resources */,
				FB4F1D72198831B200BE4F14 /* CETableViewCell.xib in Resources */,
			);
			runOnlyForDeploymentPostprocessing = 0;
		};
		FB4F1D531988298F00BE4F14 /* Resources */ = {
			isa = PBXResourcesBuildPhase;
			buildActionMask = 2147483647;
			files = (
				FB4F1D611988298F00BE4F14 /* InfoPlist.strings in Resources */,
			);
			runOnlyForDeploymentPostprocessing = 0;
		};
/* End PBXResourcesBuildPhase section */

/* Begin PBXSourcesBuildPhase section */
		FB4F1D301988298F00BE4F14 /* Sources */ = {
			isa = PBXSourcesBuildPhase;
			buildActionMask = 2147483647;
			files = (
				FB4F1D481988298F00BE4F14 /* CEAppDelegate.m in Sources */,
				FB4F1D441988298F00BE4F14 /* main.m in Sources */,
				FB4F1D4E1988298F00BE4F14 /* CEViewController.m in Sources */,
				FB4F1D71198831B200BE4F14 /* CETableViewCell.m in Sources */,
			);
			runOnlyForDeploymentPostprocessing = 0;
		};
		FB4F1D511988298F00BE4F14 /* Sources */ = {
			isa = PBXSourcesBuildPhase;
			buildActionMask = 2147483647;
			files = (
				FB4F1D631988298F00BE4F14 /* CellFromXibExampleTests.m in Sources */,
			);
			runOnlyForDeploymentPostprocessing = 0;
		};
/* End PBXSourcesBuildPhase section */

/* Begin PBXTargetDependency section */
		FB4F1D5B1988298F00BE4F14 /* PBXTargetDependency */ = {
			isa = PBXTargetDependency;
			target = FB4F1D331988298F00BE4F14 /* CellFromXibExample */;
			targetProxy = FB4F1D5A1988298F00BE4F14 /* PBXContainerItemProxy */;
		};
/* End PBXTargetDependency section */

/* Begin PBXVariantGroup section */
		FB4F1D401988298F00BE4F14 /* InfoPlist.strings */ = {
			isa = PBXVariantGroup;
			children = (
				FB4F1D411988298F00BE4F14 /* en */,
			);
			name = InfoPlist.strings;
			sourceTree = "<group>";
		};
		FB4F1D5F1988298F00BE4F14 /* InfoPlist.strings */ = {
			isa = PBXVariantGroup;
			children = (
				FB4F1D601988298F00BE4F14 /* en */,
			);
			name = InfoPlist.strings;
			sourceTree = "<group>";
		};
/* End PBXVariantGroup section */

/* Begin XCBuildConfiguration section */
		FB4F1D641988298F00BE4F14 /* Debug */ = {
			isa = XCBuildConfiguration;
			buildSettings = {
				ALWAYS_SEARCH_USER_PATHS = NO;
				CLANG_CXX_LANGUAGE_STANDARD = "gnu++0x";
				CLANG_CXX_LIBRARY = "libc++";
				CLANG_ENABLE_MODULES = YES;
				CLANG_ENABLE_OBJC_ARC = YES;
				CLANG_WARN_BOOL_CONVERSION = YES;
				CLANG_WARN_CONSTANT_CONVERSION = YES;
				CLANG_WARN_DIRECT_OBJC_ISA_USAGE = YES_ERROR;
				CLANG_WARN_EMPTY_BODY = YES;
				CLANG_WARN_ENUM_CONVERSION = YES;
				CLANG_WARN_INT_CONVERSION = YES;
				CLANG_WARN_OBJC_ROOT_CLASS = YES_ERROR;
				CLANG_WARN__DUPLICATE_METHOD_MATCH = YES;
				"CODE_SIGN_IDENTITY[sdk=iphoneos*]" = "iPhone Developer";
				COPY_PHASE_STRIP = NO;
				GCC_C_LANGUAGE_STANDARD = gnu99;
				GCC_DYNAMIC_NO_PIC = NO;
				GCC_OPTIMIZATION_LEVEL = 0;
				GCC_PREPROCESSOR_DEFINITIONS = (
					"DEBUG=1",
					"$(inherited)",
				);
				GCC_SYMBOLS_PRIVATE_EXTERN = NO;
				GCC_WARN_64_TO_32_BIT_CONVERSION = YES;
				GCC_WARN_ABOUT_RETURN_TYPE = YES_ERROR;
				GCC_WARN_UNDECLARED_SELECTOR = YES;
				GCC_WARN_UNINITIALIZED_AUTOS = YES_AGGRESSIVE;
				GCC_WARN_UNUSED_FUNCTION = YES;
				GCC_WARN_UNUSED_VARIABLE = YES;
				IPHONEOS_DEPLOYMENT_TARGET = 7.1;
				ONLY_ACTIVE_ARCH = YES;
				SDKROOT = iphoneos;
			};
			name = Debug;
		};
		FB4F1D651988298F00BE4F14 /* Release */ = {
			isa = XCBuildConfiguration;
			buildSettings = {
				ALWAYS_SEARCH_USER_PATHS = NO;
				CLANG_CXX_LANGUAGE_STANDARD = "gnu++0x";
				CLANG_CXX_LIBRARY = "libc++";
				CLANG_ENABLE_MODULES = YES;
				CLANG_ENABLE_OBJC_ARC = YES;
				CLANG_WARN_BOOL_CONVERSION = YES;
				CLANG_WARN_CONSTANT_CONVERSION = YES;
				CLANG_WARN_DIRECT_OBJC_ISA_USAGE = YES_ERROR;
				CLANG_WARN_EMPTY_BODY = YES;
				CLANG_WARN_ENUM_CONVERSION = YES;
				CLANG_WARN_INT_CONVERSION = YES;
				CLANG_WARN_OBJC_ROOT_CLASS = YES_ERROR;
				CLANG_WARN__DUPLICATE_METHOD_MATCH = YES;
				"CODE_SIGN_IDENTITY[sdk=iphoneos*]" = "iPhone Developer";
				COPY_PHASE_STRIP = YES;
				ENABLE_NS_ASSERTIONS = NO;
				GCC_C_LANGUAGE_STANDARD = gnu99;
				GCC_WARN_64_TO_32_BIT_CONVERSION = YES;
				GCC_WARN_ABOUT_RETURN_TYPE = YES_ERROR;
				GCC_WARN_UNDECLARED_SELECTOR = YES;
				GCC_WARN_UNINITIALIZED_AUTOS = YES_AGGRESSIVE;
				GCC_WARN_UNUSED_FUNCTION = YES;
				GCC_WARN_UNUSED_VARIABLE = YES;
				IPHONEOS_DEPLOYMENT_TARGET = 7.1;
				SDKROOT = iphoneos;
				VALIDATE_PRODUCT = YES;
			};
			name = Release;
		};
		FB4F1D671988298F00BE4F14 /* Debug */ = {
			isa = XCBuildConfiguration;
			buildSettings = {
				ASSETCATALOG_COMPILER_APPICON_NAME = AppIcon;
				ASSETCATALOG_COMPILER_LAUNCHIMAGE_NAME = LaunchImage;
				GCC_PRECOMPILE_PREFIX_HEADER = YES;
				GCC_PREFIX_HEADER = "CellFromXibExample/CellFromXibExample-Prefix.pch";
				INFOPLIST_FILE = "CellFromXibExample/CellFromXibExample-Info.plist";
				PRODUCT_NAME = "$(TARGET_NAME)";
				WRAPPER_EXTENSION = app;
			};
			name = Debug;
		};
		FB4F1D681988298F00BE4F14 /* Release */ = {
			isa = XCBuildConfiguration;
			buildSettings = {
				ASSETCATALOG_COMPILER_APPICON_NAME = AppIcon;
				ASSETCATALOG_COMPILER_LAUNCHIMAGE_NAME = LaunchImage;
				GCC_PRECOMPILE_PREFIX_HEADER = YES;
				GCC_PREFIX_HEADER = "CellFromXibExample/CellFromXibExample-Prefix.pch";
				INFOPLIST_FILE = "CellFromXibExample/CellFromXibExample-Info.plist";
				PRODUCT_NAME = "$(TARGET_NAME)";
				WRAPPER_EXTENSION = app;
			};
			name = Release;
		};
		FB4F1D6A1988298F00BE4F14 /* Debug */ = {
			isa = XCBuildConfiguration;
			buildSettings = {
				BUNDLE_LOADER = "$(BUILT_PRODUCTS_DIR)/CellFromXibExample.app/CellFromXibExample";
				FRAMEWORK_SEARCH_PATHS = (
					"$(SDKROOT)/Developer/Library/Frameworks",
					"$(inherited)",
					"$(DEVELOPER_FRAMEWORKS_DIR)",
				);
				GCC_PRECOMPILE_PREFIX_HEADER = YES;
				GCC_PREFIX_HEADER = "CellFromXibExample/CellFromXibExample-Prefix.pch";
				GCC_PREPROCESSOR_DEFINITIONS = (
					"DEBUG=1",
					"$(inherited)",
				);
				INFOPLIST_FILE = "CellFromXibExampleTests/CellFromXibExampleTests-Info.plist";
				PRODUCT_NAME = "$(TARGET_NAME)";
				TEST_HOST = "$(BUNDLE_LOADER)";
				WRAPPER_EXTENSION = xctest;
			};
			name = Debug;
		};
		FB4F1D6B1988298F00BE4F14 /* Release */ = {
			isa = XCBuildConfiguration;
			buildSettings = {
				BUNDLE_LOADER = "$(BUILT_PRODUCTS_DIR)/CellFromXibExample.app/CellFromXibExample";
				FRAMEWORK_SEARCH_PATHS = (
					"$(SDKROOT)/Developer/Library/Frameworks",
					"$(inherited)",
					"$(DEVELOPER_FRAMEWORKS_DIR)",
				);
				GCC_PRECOMPILE_PREFIX_HEADER = YES;
				GCC_PREFIX_HEADER = "CellFromXibExample/CellFromXibExample-Prefix.pch";
				INFOPLIST_FILE = "CellFromXibExampleTests/CellFromXibExampleTests-Info.plist";
				PRODUCT_NAME = "$(TARGET_NAME)";
				TEST_HOST = "$(BUNDLE_LOADER)";
				WRAPPER_EXTENSION = xctest;
			};
			name = Release;
		};
/* End XCBuildConfiguration section */

/* Begin XCConfigurationList section */
		FB4F1D2F1988298F00BE4F14 /* Build configuration list for PBXProject "CellFromXibExample" */ = {
			isa = XCConfigurationList;
			buildConfigurations = (
				FB4F1D641988298F00BE4F14 /* Debug */,
				FB4F1D651988298F00BE4F14 /* Release */,
			);
			defaultConfigurationIsVisible = 0;
			defaultConfigurationName = Release;
		};
		FB4F1D661988298F00BE4F14 /* Build configuration list for PBXNativeTarget "CellFromXibExample" */ = {
			isa = XCConfigurationList;
			buildConfigurations = (
				FB4F1D671988298F00BE4F14 /* Debug */,
				FB4F1D681988298F00BE4F14 /* Release */,
			);
			defaultConfigurationIsVisible = 0;
		};
		FB4F1D691988298F00BE4F14 /* Build configuration list for PBXNativeTarget "CellFromXibExampleTests" */ = {
			isa = XCConfigurationList;
			buildConfigurations = (
				FB4F1D6A1988298F00BE4F14 /* Debug */,
				FB4F1D6B1988298F00BE4F14 /* Release */,
			);
			defaultConfigurationIsVisible = 0;
		};
/* End XCConfigurationList section */
	};
	rootObject = FB4F1D2C1988298F00BE4F14 /* Project object */;
}
